dependencies:
  espressif/cbor:
    component_hash: 440f4ee4504841cc9b4f3a8ef755776a612ac9dace355514c68b999868f990ff
    source:
      service_url: https://api.components.espressif.com/
      type: service
    version: 0.6.0~1
  espressif/esp_diag_data_store:
    component_hash: 8849195251dbb8a2d7268335277cfa310cef36e4ac1e90cd59ad3be4269a30d7
    source:
      service_url: https://api.components.espressif.com/
      type: service
    version: 1.0.1
  espressif/esp_diagnostics:
    component_hash: fe19f5ee7f0145f406d36a4d5310e4ae0c6ee1afa47f2681ada8a2ea8582d390
    source:
      service_url: https://api.components.espressif.com/
      type: service
    version: 1.0.2
  espressif/esp_encrypted_img:
    component_hash: 1c34d5b0e70a3878e63fe2bedb00824bcf83c30d9b020029c38400d0d14fe182
    source:
      service_url: https://api.components.espressif.com/
      type: service
    version: 2.1.0
  espressif/esp_insights:
    component_hash: 2472a19de98a8b991baeeac7209765b70ce14ec2b1435dbed3abd020dd0f7227
    source:
      service_url: https://api.components.espressif.com/
      type: service
    version: 1.0.1
  espressif/esp_secure_cert_mgr:
    component_hash: a20007d67e65a000670ab77e45d7554c943eb8dcb0abeada0a57dd9adac3a703
    source:
      service_url: https://api.components.espressif.com/
      type: service
    version: 2.4.1
  espressif/mdns:
    component_hash: 090826401d30f756037f91d91068f470ba8d0ef04fe507d3aa8761305cecd7ca
    source:
      service_url: https://api.components.espressif.com/
      type: service
    version: 1.2.3
  espressif/rmaker_common:
    component_hash: f2616edceccfb48d75da490563809ed332f5c7a9c3e66ed40837f458fac4eaeb
    source:
      service_url: https://api.components.espressif.com/
      type: service
    version: 1.4.4
  idf:
    component_hash: null
    source:
      type: idf
    version: 5.1.2
manifest_hash: b771482537b6de59e976bc574956515218972a7610cdc1d11f5f7caa5e686ca9
target: esp32
version: 1.0.0
